// !$*UTF8*$!
{
	archiveVersion = 1;
	classes = {
	};
	objectVersion = 46;
	objects = {

/* Begin PBXBuildFile section */
		270F7EF21CCB44CE006DB24F /* main.m in Sources */ = {isa = PBXBuildFile; fileRef = 270F7EF11CCB44CE006DB24F /* main.m */; };
		270F7EF51CCB44CE006DB24F /* AppDelegate.m in Sources */ = {isa = PBXBuildFile; fileRef = 270F7EF41CCB44CE006DB24F /* AppDelegate.m */; };
		270F7EFB1CCB44CE006DB24F /* Main.storyboard in Resources */ = {isa = PBXBuildFile; fileRef = 270F7EF91CCB44CE006DB24F /* Main.storyboard */; };
		270F7EFD1CCB44CE006DB24F /* Assets.xcassets in Resources */ = {isa = PBXBuildFile; fileRef = 270F7EFC1CCB44CE006DB24F /* Assets.xcassets */; };
		270F7F001CCB44CE006DB24F /* LaunchScreen.storyboard in Resources */ = {isa = PBXBuildFile; fileRef = 270F7EFE1CCB44CE006DB24F /* LaunchScreen.storyboard */; };
		270F7F0B1CCB44CE006DB24F /* LivecodingTV_ObjCTests.m in Sources */ = {isa = PBXBuildFile; fileRef = 270F7F0A1CCB44CE006DB24F /* LivecodingTV_ObjCTests.m */; };
		270F7F1A1CCB45F0006DB24F /* LTVRequestManager.m in Sources */ = {isa = PBXBuildFile; fileRef = 270F7F191CCB45F0006DB24F /* LTVRequestManager.m */; };
		270F7F1D1CCB49F8006DB24F /* LTVLivestream.m in Sources */ = {isa = PBXBuildFile; fileRef = 270F7F1C1CCB49F8006DB24F /* LTVLivestream.m */; };
		270F7F221CCBB87E006DB24F /* LTVUser.m in Sources */ = {isa = PBXBuildFile; fileRef = 270F7F211CCBB87E006DB24F /* LTVUser.m */; };
		270F7F261CCBB8ED006DB24F /* LTVObject.m in Sources */ = {isa = PBXBuildFile; fileRef = 270F7F251CCBB8ED006DB24F /* LTVObject.m */; };
		270F7F2A1CCBBBCA006DB24F /* LTVAPI.m in Sources */ = {isa = PBXBuildFile; fileRef = 270F7F291CCBBBCA006DB24F /* LTVAPI.m */; };
		270F7F2E1CCBBF86006DB24F /* LTVVideo.m in Sources */ = {isa = PBXBuildFile; fileRef = 270F7F2D1CCBBF86006DB24F /* LTVVideo.m */; };
		270F7F321CCBC845006DB24F /* LTVLanguage.m in Sources */ = {isa = PBXBuildFile; fileRef = 270F7F311CCBC845006DB24F /* LTVLanguage.m */; };
		270F7F361CCBD848006DB24F /* LTVScheduledBroadcast.m in Sources */ = {isa = PBXBuildFile; fileRef = 270F7F351CCBD848006DB24F /* LTVScheduledBroadcast.m */; };
		C089C68BB494967E2563E69A /* libPods.a in Frameworks */ = {isa = PBXBuildFile; fileRef = B9200E7F03D810DF63615E6C /* libPods.a */; };
/* End PBXBuildFile section */

/* Begin PBXContainerItemProxy section */
		270F7F071CCB44CE006DB24F /* PBXContainerItemProxy */ = {
			isa = PBXContainerItemProxy;
			containerPortal = 270F7EE51CCB44CE006DB24F /* Project object */;
			proxyType = 1;
			remoteGlobalIDString = 270F7EEC1CCB44CE006DB24F;
			remoteInfo = "LivecodingTV-ObjC";
		};
/* End PBXContainerItemProxy section */

/* Begin PBXFileReference section */
		270F7EED1CCB44CE006DB24F /* LivecodingTV-ObjC.app */ = {isa = PBXFileReference; explicitFileType = wrapper.application; includeInIndex = 0; path = "LivecodingTV-ObjC.app"; sourceTree = BUILT_PRODUCTS_DIR; };
		270F7EF11CCB44CE006DB24F /* main.m */ = {isa = PBXFileReference; lastKnownFileType = sourcecode.c.objc; path = main.m; sourceTree = "<group>"; };
		270F7EF31CCB44CE006DB24F /* AppDelegate.h */ = {isa = PBXFileReference; lastKnownFileType = sourcecode.c.h; path = AppDelegate.h; sourceTree = "<group>"; };
		270F7EF41CCB44CE006DB24F /* AppDelegate.m */ = {isa = PBXFileReference; lastKnownFileType = sourcecode.c.objc; path = AppDelegate.m; sourceTree = "<group>"; };
		270F7EFA1CCB44CE006DB24F /* Base */ = {isa = PBXFileReference; lastKnownFileType = file.storyboard; name = Base; path = Base.lproj/Main.storyboard; sourceTree = "<group>"; };
		270F7EFC1CCB44CE006DB24F /* Assets.xcassets */ = {isa = PBXFileReference; lastKnownFileType = folder.assetcatalog; path = Assets.xcassets; sourceTree = "<group>"; };
		270F7EFF1CCB44CE006DB24F /* Base */ = {isa = PBXFileReference; lastKnownFileType = file.storyboard; name = Base; path = Base.lproj/LaunchScreen.storyboard; sourceTree = "<group>"; };
		270F7F011CCB44CE006DB24F /* Info.plist */ = {isa = PBXFileReference; lastKnownFileType = text.plist.xml; path = Info.plist; sourceTree = "<group>"; };
		270F7F061CCB44CE006DB24F /* LivecodingTV-ObjCTests.xctest */ = {isa = PBXFileReference; explicitFileType = wrapper.cfbundle; includeInIndex = 0; path = "LivecodingTV-ObjCTests.xctest"; sourceTree = BUILT_PRODUCTS_DIR; };
		270F7F0A1CCB44CE006DB24F /* LivecodingTV_ObjCTests.m */ = {isa = PBXFileReference; lastKnownFileType = sourcecode.c.objc; path = LivecodingTV_ObjCTests.m; sourceTree = "<group>"; };
		270F7F0C1CCB44CE006DB24F /* Info.plist */ = {isa = PBXFileReference; lastKnownFileType = text.plist.xml; path = Info.plist; sourceTree = "<group>"; };
		270F7F181CCB45F0006DB24F /* LTVRequestManager.h */ = {isa = PBXFileReference; fileEncoding = 4; lastKnownFileType = sourcecode.c.h; path = LTVRequestManager.h; sourceTree = "<group>"; };
		270F7F191CCB45F0006DB24F /* LTVRequestManager.m */ = {isa = PBXFileReference; fileEncoding = 4; lastKnownFileType = sourcecode.c.objc; path = LTVRequestManager.m; sourceTree = "<group>"; };
		270F7F1B1CCB49F8006DB24F /* LTVLivestream.h */ = {isa = PBXFileReference; fileEncoding = 4; lastKnownFileType = sourcecode.c.h; path = LTVLivestream.h; sourceTree = "<group>"; };
		270F7F1C1CCB49F8006DB24F /* LTVLivestream.m */ = {isa = PBXFileReference; fileEncoding = 4; lastKnownFileType = sourcecode.c.objc; path = LTVLivestream.m; sourceTree = "<group>"; };
		270F7F201CCBB87E006DB24F /* LTVUser.h */ = {isa = PBXFileReference; fileEncoding = 4; lastKnownFileType = sourcecode.c.h; path = LTVUser.h; sourceTree = "<group>"; };
		270F7F211CCBB87E006DB24F /* LTVUser.m */ = {isa = PBXFileReference; fileEncoding = 4; lastKnownFileType = sourcecode.c.objc; path = LTVUser.m; sourceTree = "<group>"; };
		270F7F241CCBB8ED006DB24F /* LTVObject.h */ = {isa = PBXFileReference; fileEncoding = 4; lastKnownFileType = sourcecode.c.h; path = LTVObject.h; sourceTree = "<group>"; };
		270F7F251CCBB8ED006DB24F /* LTVObject.m */ = {isa = PBXFileReference; fileEncoding = 4; lastKnownFileType = sourcecode.c.objc; path = LTVObject.m; sourceTree = "<group>"; };
		270F7F281CCBBBCA006DB24F /* LTVAPI.h */ = {isa = PBXFileReference; fileEncoding = 4; lastKnownFileType = sourcecode.c.h; path = LTVAPI.h; sourceTree = "<group>"; };
		270F7F291CCBBBCA006DB24F /* LTVAPI.m */ = {isa = PBXFileReference; fileEncoding = 4; lastKnownFileType = sourcecode.c.objc; path = LTVAPI.m; sourceTree = "<group>"; };
		270F7F2C1CCBBF86006DB24F /* LTVVideo.h */ = {isa = PBXFileReference; fileEncoding = 4; lastKnownFileType = sourcecode.c.h; path = LTVVideo.h; sourceTree = "<group>"; };
		270F7F2D1CCBBF86006DB24F /* LTVVideo.m */ = {isa = PBXFileReference; fileEncoding = 4; lastKnownFileType = sourcecode.c.objc; path = LTVVideo.m; sourceTree = "<group>"; };
		270F7F301CCBC845006DB24F /* LTVLanguage.h */ = {isa = PBXFileReference; fileEncoding = 4; lastKnownFileType = sourcecode.c.h; path = LTVLanguage.h; sourceTree = "<group>"; };
		270F7F311CCBC845006DB24F /* LTVLanguage.m */ = {isa = PBXFileReference; fileEncoding = 4; lastKnownFileType = sourcecode.c.objc; path = LTVLanguage.m; sourceTree = "<group>"; };
		270F7F341CCBD848006DB24F /* LTVScheduledBroadcast.h */ = {isa = PBXFileReference; fileEncoding = 4; lastKnownFileType = sourcecode.c.h; path = LTVScheduledBroadcast.h; sourceTree = "<group>"; };
		270F7F351CCBD848006DB24F /* LTVScheduledBroadcast.m */ = {isa = PBXFileReference; fileEncoding = 4; lastKnownFileType = sourcecode.c.objc; path = LTVScheduledBroadcast.m; sourceTree = "<group>"; };
		723A5ECEE0D60A627D833643 /* Pods.release.xcconfig */ = {isa = PBXFileReference; includeInIndex = 1; lastKnownFileType = text.xcconfig; name = Pods.release.xcconfig; path = "Pods/Target Support Files/Pods/Pods.release.xcconfig"; sourceTree = "<group>"; };
		7FD2274523B74AB0AE8D6BA4 /* Pods.debug.xcconfig */ = {isa = PBXFileReference; includeInIndex = 1; lastKnownFileType = text.xcconfig; name = Pods.debug.xcconfig; path = "Pods/Target Support Files/Pods/Pods.debug.xcconfig"; sourceTree = "<group>"; };
		B9200E7F03D810DF63615E6C /* libPods.a */ = {isa = PBXFileReference; explicitFileType = archive.ar; includeInIndex = 0; path = libPods.a; sourceTree = BUILT_PRODUCTS_DIR; };
/* End PBXFileReference section */

/* Begin PBXFrameworksBuildPhase section */
		270F7EEA1CCB44CE006DB24F /* Frameworks */ = {
			isa = PBXFrameworksBuildPhase;
			buildActionMask = 2147483647;
			files = (
				C089C68BB494967E2563E69A /* libPods.a in Frameworks */,
			);
			runOnlyForDeploymentPostprocessing = 0;
		};
		270F7F031CCB44CE006DB24F /* Frameworks */ = {
			isa = PBXFrameworksBuildPhase;
			buildActionMask = 2147483647;
			files = (
			);
			runOnlyForDeploymentPostprocessing = 0;
		};
/* End PBXFrameworksBuildPhase section */

/* Begin PBXGroup section */
		008F6D6D38067FA4C7CE17EC /* Pods */ = {
			isa = PBXGroup;
			children = (
				7FD2274523B74AB0AE8D6BA4 /* Pods.debug.xcconfig */,
				723A5ECEE0D60A627D833643 /* Pods.release.xcconfig */,
			);
			name = Pods;
			sourceTree = "<group>";
		};
		270F7EE41CCB44CE006DB24F = {
			isa = PBXGroup;
			children = (
				270F7F151CCB44F8006DB24F /* Source */,
				270F7EEF1CCB44CE006DB24F /* Testing */,
				270F7F091CCB44CE006DB24F /* LivecodingTV-ObjCTests */,
				008F6D6D38067FA4C7CE17EC /* Pods */,
				F7FEC83F0EE2A3D0AC3518CE /* Frameworks */,
			);
			sourceTree = "<group>";
		};
		270F7EEE1CCB44CE006DB24F /* Products */ = {
			isa = PBXGroup;
			children = (
				270F7EED1CCB44CE006DB24F /* LivecodingTV-ObjC.app */,
				270F7F061CCB44CE006DB24F /* LivecodingTV-ObjCTests.xctest */,
			);
			path = Products;
			sourceTree = "<group>";
		};
		270F7EEF1CCB44CE006DB24F /* Testing */ = {
			isa = PBXGroup;
			children = (
				270F7EF31CCB44CE006DB24F /* AppDelegate.h */,
				270F7EF41CCB44CE006DB24F /* AppDelegate.m */,
				270F7EF91CCB44CE006DB24F /* Main.storyboard */,
				270F7EFC1CCB44CE006DB24F /* Assets.xcassets */,
				270F7EFE1CCB44CE006DB24F /* LaunchScreen.storyboard */,
				270F7F011CCB44CE006DB24F /* Info.plist */,
				270F7EEE1CCB44CE006DB24F /* Products */,
				270F7EF01CCB44CE006DB24F /* Supporting Files */,
			);
			path = Testing;
			sourceTree = "<group>";
		};
		270F7EF01CCB44CE006DB24F /* Supporting Files */ = {
			isa = PBXGroup;
			children = (
				270F7EF11CCB44CE006DB24F /* main.m */,
			);
			path = "Supporting Files";
			sourceTree = "<group>";
		};
		270F7F091CCB44CE006DB24F /* LivecodingTV-ObjCTests */ = {
			isa = PBXGroup;
			children = (
				270F7F0A1CCB44CE006DB24F /* LivecodingTV_ObjCTests.m */,
				270F7F0C1CCB44CE006DB24F /* Info.plist */,
			);
			path = "LivecodingTV-ObjCTests";
			sourceTree = "<group>";
		};
		270F7F151CCB44F8006DB24F /* Source */ = {
			isa = PBXGroup;
			children = (
				270F7F271CCBBAF2006DB24F /* API */,
				270F7F171CCB4587006DB24F /* Networking */,
				270F7F161CCB4584006DB24F /* Models */,
			);
			path = Source;
			sourceTree = "<group>";
		};
		270F7F161CCB4584006DB24F /* Models */ = {
			isa = PBXGroup;
			children = (
				270F7F231CCBB8D7006DB24F /* Base Objects */,
				270F7F2F1CCBC838006DB24F /* LTVLanauge */,
				270F7F1F1CCBB86E006DB24F /* User */,
				270F7F1E1CCBB845006DB24F /* Livestream */,
				270F7F2B1CCBBF3D006DB24F /* Video */,
				270F7F331CCBD836006DB24F /* Scheduled Broadcast */,
			);
			path = Models;
			sourceTree = "<group>";
		};
		270F7F171CCB4587006DB24F /* Networking */ = {
			isa = PBXGroup;
			children = (
				270F7F181CCB45F0006DB24F /* LTVRequestManager.h */,
				270F7F191CCB45F0006DB24F /* LTVRequestManager.m */,
			);
			path = Networking;
			sourceTree = "<group>";
		};
		270F7F1E1CCBB845006DB24F /* Livestream */ = {
			isa = PBXGroup;
			children = (
				270F7F1B1CCB49F8006DB24F /* LTVLivestream.h */,
				270F7F1C1CCB49F8006DB24F /* LTVLivestream.m */,
			);
			path = Livestream;
			sourceTree = "<group>";
		};
		270F7F1F1CCBB86E006DB24F /* User */ = {
			isa = PBXGroup;
			children = (
				270F7F201CCBB87E006DB24F /* LTVUser.h */,
				270F7F211CCBB87E006DB24F /* LTVUser.m */,
			);
			path = User;
			sourceTree = "<group>";
		};
		270F7F231CCBB8D7006DB24F /* Base Objects */ = {
			isa = PBXGroup;
			children = (
				270F7F241CCBB8ED006DB24F /* LTVObject.h */,
				270F7F251CCBB8ED006DB24F /* LTVObject.m */,
			);
			path = "Base Objects";
			sourceTree = "<group>";
		};
		270F7F271CCBBAF2006DB24F /* API */ = {
			isa = PBXGroup;
			children = (
				270F7F281CCBBBCA006DB24F /* LTVAPI.h */,
				270F7F291CCBBBCA006DB24F /* LTVAPI.m */,
			);
			path = API;
			sourceTree = "<group>";
		};
		270F7F2B1CCBBF3D006DB24F /* Video */ = {
			isa = PBXGroup;
			children = (
				270F7F2C1CCBBF86006DB24F /* LTVVideo.h */,
				270F7F2D1CCBBF86006DB24F /* LTVVideo.m */,
			);
			path = Video;
			sourceTree = "<group>";
		};
		270F7F2F1CCBC838006DB24F /* LTVLanauge */ = {
			isa = PBXGroup;
			children = (
				270F7F301CCBC845006DB24F /* LTVLanguage.h */,
				270F7F311CCBC845006DB24F /* LTVLanguage.m */,
			);
			path = LTVLanauge;
			sourceTree = "<group>";
		};
		270F7F331CCBD836006DB24F /* Scheduled Broadcast */ = {
			isa = PBXGroup;
			children = (
				270F7F341CCBD848006DB24F /* LTVScheduledBroadcast.h */,
				270F7F351CCBD848006DB24F /* LTVScheduledBroadcast.m */,
			);
			path = "Scheduled Broadcast";
			sourceTree = "<group>";
		};
		F7FEC83F0EE2A3D0AC3518CE /* Frameworks */ = {
			isa = PBXGroup;
			children = (
				B9200E7F03D810DF63615E6C /* libPods.a */,
			);
			name = Frameworks;
			sourceTree = "<group>";
		};
/* End PBXGroup section */

/* Begin PBXNativeTarget section */
		270F7EEC1CCB44CE006DB24F /* LivecodingTV-ObjC */ = {
			isa = PBXNativeTarget;
			buildConfigurationList = 270F7F0F1CCB44CE006DB24F /* Build configuration list for PBXNativeTarget "LivecodingTV-ObjC" */;
			buildPhases = (
				756B1B56D8F70AB84284F9A9 /* Check Pods Manifest.lock */,
				270F7EE91CCB44CE006DB24F /* Sources */,
				270F7EEA1CCB44CE006DB24F /* Frameworks */,
				270F7EEB1CCB44CE006DB24F /* Resources */,
				1F09ECA748AB3E229D0021CD /* Copy Pods Resources */,
			);
			buildRules = (
			);
			dependencies = (
			);
			name = "LivecodingTV-ObjC";
			productName = "LivecodingTV-ObjC";
			productReference = 270F7EED1CCB44CE006DB24F /* LivecodingTV-ObjC.app */;
			productType = "com.apple.product-type.application";
		};
		270F7F051CCB44CE006DB24F /* LivecodingTV-ObjCTests */ = {
			isa = PBXNativeTarget;
			buildConfigurationList = 270F7F121CCB44CE006DB24F /* Build configuration list for PBXNativeTarget "LivecodingTV-ObjCTests" */;
			buildPhases = (
				270F7F021CCB44CE006DB24F /* Sources */,
				270F7F031CCB44CE006DB24F /* Frameworks */,
				270F7F041CCB44CE006DB24F /* Resources */,
			);
			buildRules = (
			);
			dependencies = (
				270F7F081CCB44CE006DB24F /* PBXTargetDependency */,
			);
			name = "LivecodingTV-ObjCTests";
			productName = "LivecodingTV-ObjCTests";
			productReference = 270F7F061CCB44CE006DB24F /* LivecodingTV-ObjCTests.xctest */;
			productType = "com.apple.product-type.bundle.unit-test";
		};
/* End PBXNativeTarget section */

/* Begin PBXProject section */
		270F7EE51CCB44CE006DB24F /* Project object */ = {
			isa = PBXProject;
			attributes = {
				LastUpgradeCheck = 0720;
				ORGANIZATIONNAME = "Mike Amaral";
				TargetAttributes = {
					270F7EEC1CCB44CE006DB24F = {
						CreatedOnToolsVersion = 7.2.1;
					};
					270F7F051CCB44CE006DB24F = {
						CreatedOnToolsVersion = 7.2.1;
						TestTargetID = 270F7EEC1CCB44CE006DB24F;
					};
				};
			};
			buildConfigurationList = 270F7EE81CCB44CE006DB24F /* Build configuration list for PBXProject "LivecodingTV-ObjC" */;
			compatibilityVersion = "Xcode 3.2";
			developmentRegion = English;
			hasScannedForEncodings = 0;
			knownRegions = (
				en,
				Base,
			);
			mainGroup = 270F7EE41CCB44CE006DB24F;
			productRefGroup = 270F7EEE1CCB44CE006DB24F /* Products */;
			projectDirPath = "";
			projectRoot = "";
			targets = (
				270F7EEC1CCB44CE006DB24F /* LivecodingTV-ObjC */,
				270F7F051CCB44CE006DB24F /* LivecodingTV-ObjCTests */,
			);
		};
/* End PBXProject section */

/* Begin PBXResourcesBuildPhase section */
		270F7EEB1CCB44CE006DB24F /* Resources */ = {
			isa = PBXResourcesBuildPhase;
			buildActionMask = 2147483647;
			files = (
				270F7F001CCB44CE006DB24F /* LaunchScreen.storyboard in Resources */,
				270F7EFD1CCB44CE006DB24F /* Assets.xcassets in Resources */,
				270F7EFB1CCB44CE006DB24F /* Main.storyboard in Resources */,
			);
			runOnlyForDeploymentPostprocessing = 0;
		};
		270F7F041CCB44CE006DB24F /* Resources */ = {
			isa = PBXResourcesBuildPhase;
			buildActionMask = 2147483647;
			files = (
			);
			runOnlyForDeploymentPostprocessing = 0;
		};
/* End PBXResourcesBuildPhase section */

/* Begin PBXShellScriptBuildPhase section */
		1F09ECA748AB3E229D0021CD /* Copy Pods Resources */ = {
			isa = PBXShellScriptBuildPhase;
			buildActionMask = 2147483647;
			files = (
			);
			inputPaths = (
			);
			name = "Copy Pods Resources";
			outputPaths = (
			);
			runOnlyForDeploymentPostprocessing = 0;
			shellPath = /bin/sh;
			shellScript = "\"${SRCROOT}/Pods/Target Support Files/Pods/Pods-resources.sh\"\n";
			showEnvVarsInLog = 0;
		};
		756B1B56D8F70AB84284F9A9 /* Check Pods Manifest.lock */ = {
			isa = PBXShellScriptBuildPhase;
			buildActionMask = 2147483647;
			files = (
			);
			inputPaths = (
			);
			name = "Check Pods Manifest.lock";
			outputPaths = (
			);
			runOnlyForDeploymentPostprocessing = 0;
			shellPath = /bin/sh;
			shellScript = "diff \"${PODS_ROOT}/../Podfile.lock\" \"${PODS_ROOT}/Manifest.lock\" > /dev/null\nif [[ $? != 0 ]] ; then\n    cat << EOM\nerror: The sandbox is not in sync with the Podfile.lock. Run 'pod install' or update your CocoaPods installation.\nEOM\n    exit 1\nfi\n";
			showEnvVarsInLog = 0;
		};
/* End PBXShellScriptBuildPhase section */

/* Begin PBXSourcesBuildPhase section */
		270F7EE91CCB44CE006DB24F /* Sources */ = {
			isa = PBXSourcesBuildPhase;
			buildActionMask = 2147483647;
			files = (
				270F7F1D1CCB49F8006DB24F /* LTVLivestream.m in Sources */,
				270F7EF51CCB44CE006DB24F /* AppDelegate.m in Sources */,
				270F7F2E1CCBBF86006DB24F /* LTVVideo.m in Sources */,
				270F7F221CCBB87E006DB24F /* LTVUser.m in Sources */,
				270F7F321CCBC845006DB24F /* LTVLanguage.m in Sources */,
				270F7EF21CCB44CE006DB24F /* main.m in Sources */,
				270F7F361CCBD848006DB24F /* LTVScheduledBroadcast.m in Sources */,
				270F7F2A1CCBBBCA006DB24F /* LTVAPI.m in Sources */,
				270F7F1A1CCB45F0006DB24F /* LTVRequestManager.m in Sources */,
				270F7F261CCBB8ED006DB24F /* LTVObject.m in Sources */,
			);
			runOnlyForDeploymentPostprocessing = 0;
		};
		270F7F021CCB44CE006DB24F /* Sources */ = {
			isa = PBXSourcesBuildPhase;
			buildActionMask = 2147483647;
			files = (
				270F7F0B1CCB44CE006DB24F /* LivecodingTV_ObjCTests.m in Sources */,
			);
			runOnlyForDeploymentPostprocessing = 0;
		};
/* End PBXSourcesBuildPhase section */

/* Begin PBXTargetDependency section */
		270F7F081CCB44CE006DB24F /* PBXTargetDependency */ = {
			isa = PBXTargetDependency;
			target = 270F7EEC1CCB44CE006DB24F /* LivecodingTV-ObjC */;
			targetProxy = 270F7F071CCB44CE006DB24F /* PBXContainerItemProxy */;
		};
/* End PBXTargetDependency section */

/* Begin PBXVariantGroup section */
		270F7EF91CCB44CE006DB24F /* Main.storyboard */ = {
			isa = PBXVariantGroup;
			children = (
				270F7EFA1CCB44CE006DB24F /* Base */,
			);
			name = Main.storyboard;
			path = .;
			sourceTree = "<group>";
		};
		270F7EFE1CCB44CE006DB24F /* LaunchScreen.storyboard */ = {
			isa = PBXVariantGroup;
			children = (
				270F7EFF1CCB44CE006DB24F /* Base */,
			);
			name = LaunchScreen.storyboard;
			path = .;
			sourceTree = "<group>";
		};
/* End PBXVariantGroup section */

/* Begin XCBuildConfiguration section */
		270F7F0D1CCB44CE006DB24F /* Debug */ = {
			isa = XCBuildConfiguration;
			buildSettings = {
				ALWAYS_SEARCH_USER_PATHS = NO;
				CLANG_CXX_LANGUAGE_STANDARD = "gnu++0x";
				CLANG_CXX_LIBRARY = "libc++";
				CLANG_ENABLE_MODULES = YES;
				CLANG_ENABLE_OBJC_ARC = YES;
				CLANG_WARN_BOOL_CONVERSION = YES;
				CLANG_WARN_CONSTANT_CONVERSION = YES;
				CLANG_WARN_DIRECT_OBJC_ISA_USAGE = YES_ERROR;
				CLANG_WARN_EMPTY_BODY = YES;
				CLANG_WARN_ENUM_CONVERSION = YES;
				CLANG_WARN_INT_CONVERSION = YES;
				CLANG_WARN_OBJC_ROOT_CLASS = YES_ERROR;
				CLANG_WARN_UNREACHABLE_CODE = YES;
				CLANG_WARN__DUPLICATE_METHOD_MATCH = YES;
				"CODE_SIGN_IDENTITY[sdk=iphoneos*]" = "iPhone Developer";
				COPY_PHASE_STRIP = NO;
				DEBUG_INFORMATION_FORMAT = dwarf;
				ENABLE_STRICT_OBJC_MSGSEND = YES;
				ENABLE_TESTABILITY = YES;
				GCC_C_LANGUAGE_STANDARD = gnu99;
				GCC_DYNAMIC_NO_PIC = NO;
				GCC_NO_COMMON_BLOCKS = YES;
				GCC_OPTIMIZATION_LEVEL = 0;
				GCC_PREPROCESSOR_DEFINITIONS = (
					"DEBUG=1",
					"$(inherited)",
				);
				GCC_WARN_64_TO_32_BIT_CONVERSION = YES;
				GCC_WARN_ABOUT_RETURN_TYPE = YES_ERROR;
				GCC_WARN_UNDECLARED_SELECTOR = YES;
				GCC_WARN_UNINITIALIZED_AUTOS = YES_AGGRESSIVE;
				GCC_WARN_UNUSED_FUNCTION = YES;
				GCC_WARN_UNUSED_VARIABLE = YES;
				IPHONEOS_DEPLOYMENT_TARGET = 9.2;
				MTL_ENABLE_DEBUG_INFO = YES;
				ONLY_ACTIVE_ARCH = YES;
				SDKROOT = iphoneos;
				TARGETED_DEVICE_FAMILY = "1,2";
			};
			name = Debug;
		};
		270F7F0E1CCB44CE006DB24F /* Release */ = {
			isa = XCBuildConfiguration;
			buildSettings = {
				ALWAYS_SEARCH_USER_PATHS = NO;
				CLANG_CXX_LANGUAGE_STANDARD = "gnu++0x";
				CLANG_CXX_LIBRARY = "libc++";
				CLANG_ENABLE_MODULES = YES;
				CLANG_ENABLE_OBJC_ARC = YES;
				CLANG_WARN_BOOL_CONVERSION = YES;
				CLANG_WARN_CONSTANT_CONVERSION = YES;
				CLANG_WARN_DIRECT_OBJC_ISA_USAGE = YES_ERROR;
				CLANG_WARN_EMPTY_BODY = YES;
				CLANG_WARN_ENUM_CONVERSION = YES;
				CLANG_WARN_INT_CONVERSION = YES;
				CLANG_WARN_OBJC_ROOT_CLASS = YES_ERROR;
				CLANG_WARN_UNREACHABLE_CODE = YES;
				CLANG_WARN__DUPLICATE_METHOD_MATCH = YES;
				"CODE_SIGN_IDENTITY[sdk=iphoneos*]" = "iPhone Developer";
				COPY_PHASE_STRIP = NO;
				DEBUG_INFORMATION_FORMAT = "dwarf-with-dsym";
				ENABLE_NS_ASSERTIONS = NO;
				ENABLE_STRICT_OBJC_MSGSEND = YES;
				GCC_C_LANGUAGE_STANDARD = gnu99;
				GCC_NO_COMMON_BLOCKS = YES;
				GCC_WARN_64_TO_32_BIT_CONVERSION = YES;
				GCC_WARN_ABOUT_RETURN_TYPE = YES_ERROR;
				GCC_WARN_UNDECLARED_SELECTOR = YES;
				GCC_WARN_UNINITIALIZED_AUTOS = YES_AGGRESSIVE;
				GCC_WARN_UNUSED_FUNCTION = YES;
				GCC_WARN_UNUSED_VARIABLE = YES;
				IPHONEOS_DEPLOYMENT_TARGET = 9.2;
				MTL_ENABLE_DEBUG_INFO = NO;
				SDKROOT = iphoneos;
				TARGETED_DEVICE_FAMILY = "1,2";
				VALIDATE_PRODUCT = YES;
			};
			name = Release;
		};
		270F7F101CCB44CE006DB24F /* Debug */ = {
			isa = XCBuildConfiguration;
			baseConfigurationReference = 7FD2274523B74AB0AE8D6BA4 /* Pods.debug.xcconfig */;
			buildSettings = {
				ASSETCATALOG_COMPILER_APPICON_NAME = AppIcon;
				INFOPLIST_FILE = Testing/Info.plist;
				LD_RUNPATH_SEARCH_PATHS = "$(inherited) @executable_path/Frameworks";
				PRODUCT_BUNDLE_IDENTIFIER = "com.MikeAmaral.LivecodingTV-ObjC";
				PRODUCT_NAME = "$(TARGET_NAME)";
			};
			name = Debug;
		};
		270F7F111CCB44CE006DB24F /* Release */ = {
			isa = XCBuildConfiguration;
			baseConfigurationReference = 723A5ECEE0D60A627D833643 /* Pods.release.xcconfig */;
			buildSettings = {
				ASSETCATALOG_COMPILER_APPICON_NAME = AppIcon;
				INFOPLIST_FILE = Testing/Info.plist;
				LD_RUNPATH_SEARCH_PATHS = "$(inherited) @executable_path/Frameworks";
				PRODUCT_BUNDLE_IDENTIFIER = "com.MikeAmaral.LivecodingTV-ObjC";
				PRODUCT_NAME = "$(TARGET_NAME)";
			};
			name = Release;
		};
		270F7F131CCB44CE006DB24F /* Debug */ = {
			isa = XCBuildConfiguration;
			buildSettings = {
				BUNDLE_LOADER = "$(TEST_HOST)";
				INFOPLIST_FILE = "LivecodingTV-ObjCTests/Info.plist";
				LD_RUNPATH_SEARCH_PATHS = "$(inherited) @executable_path/Frameworks @loader_path/Frameworks";
				PRODUCT_BUNDLE_IDENTIFIER = "com.MikeAmaral.LivecodingTV-ObjCTests";
				PRODUCT_NAME = "$(TARGET_NAME)";
				TEST_HOST = "$(BUILT_PRODUCTS_DIR)/LivecodingTV-ObjC.app/LivecodingTV-ObjC";
			};
			name = Debug;
		};
		270F7F141CCB44CE006DB24F /* Release */ = {
			isa = XCBuildConfiguration;
			buildSettings = {
				BUNDLE_LOADER = "$(TEST_HOST)";
				INFOPLIST_FILE = "LivecodingTV-ObjCTests/Info.plist";
				LD_RUNPATH_SEARCH_PATHS = "$(inherited) @executable_path/Frameworks @loader_path/Frameworks";
				PRODUCT_BUNDLE_IDENTIFIER = "com.MikeAmaral.LivecodingTV-ObjCTests";
				PRODUCT_NAME = "$(TARGET_NAME)";
				TEST_HOST = "$(BUILT_PRODUCTS_DIR)/LivecodingTV-ObjC.app/LivecodingTV-ObjC";
			};
			name = Release;
		};
/* End XCBuildConfiguration section */

/* Begin XCConfigurationList section */
		270F7EE81CCB44CE006DB24F /* Build configuration list for PBXProject "LivecodingTV-ObjC" */ = {
			isa = XCConfigurationList;
			buildConfigurations = (
				270F7F0D1CCB44CE006DB24F /* Debug */,
				270F7F0E1CCB44CE006DB24F /* Release */,
			);
			defaultConfigurationIsVisible = 0;
			defaultConfigurationName = Release;
		};
		270F7F0F1CCB44CE006DB24F /* Build configuration list for PBXNativeTarget "LivecodingTV-ObjC" */ = {
			isa = XCConfigurationList;
			buildConfigurations = (
				270F7F101CCB44CE006DB24F /* Debug */,
				270F7F111CCB44CE006DB24F /* Release */,
			);
			defaultConfigurationIsVisible = 0;
			defaultConfigurationName = Release;
		};
		270F7F121CCB44CE006DB24F /* Build configuration list for PBXNativeTarget "LivecodingTV-ObjCTests" */ = {
			isa = XCConfigurationList;
			buildConfigurations = (
				270F7F131CCB44CE006DB24F /* Debug */,
				270F7F141CCB44CE006DB24F /* Release */,
			);
			defaultConfigurationIsVisible = 0;
			defaultConfigurationName = Release;
		};
/* End XCConfigurationList section */
	};
	rootObject = 270F7EE51CCB44CE006DB24F /* Project object */;
}
